// !$*UTF8*$!
{
	archiveVersion = 1;
	classes = {
	};
	objectVersion = 46;
	objects = {

/* Begin PBXBuildFile section */
		A2A86B0DDD8F1416989043C7 /* libPods-Show.a in Frameworks */ = {isa = PBXBuildFile; fileRef = D32B14B38F4C2D4669FF3D26 /* libPods-Show.a */; };
		B4B220691E150EB500BA4B07 /* TitleView.m in Sources */ = {isa = PBXBuildFile; fileRef = B4B220681E150EB500BA4B07 /* TitleView.m */; };
		B4B2206F1E16039900BA4B07 /* RankViewController.m in Sources */ = {isa = PBXBuildFile; fileRef = B4B2206E1E16039900BA4B07 /* RankViewController.m */; };
		B4B220721E16097800BA4B07 /* HotViewController.m in Sources */ = {isa = PBXBuildFile; fileRef = B4B220711E16097800BA4B07 /* HotViewController.m */; };
		B4B220751E16098800BA4B07 /* NewViewController.m in Sources */ = {isa = PBXBuildFile; fileRef = B4B220741E16098800BA4B07 /* NewViewController.m */; };
		B4B220781E16099600BA4B07 /* CareViewController.m in Sources */ = {isa = PBXBuildFile; fileRef = B4B220771E16099600BA4B07 /* CareViewController.m */; };
		B4B2207B1E16126B00BA4B07 /* CarouselView.m in Sources */ = {isa = PBXBuildFile; fileRef = B4B2207A1E16126B00BA4B07 /* CarouselView.m */; };
		B4B2207E1E162FE500BA4B07 /* AdModel.m in Sources */ = {isa = PBXBuildFile; fileRef = B4B2207D1E162FE500BA4B07 /* AdModel.m */; };
		B4B220811E1642A900BA4B07 /* NetWorkRequest.m in Sources */ = {isa = PBXBuildFile; fileRef = B4B220801E1642A900BA4B07 /* NetWorkRequest.m */; };
		B4B220831E164D6B00BA4B07 /* noimg.png in Resources */ = {isa = PBXBuildFile; fileRef = B4B220821E164D6B00BA4B07 /* noimg.png */; };
		B4B220861E16577100BA4B07 /* HotLiveCell.m in Sources */ = {isa = PBXBuildFile; fileRef = B4B220851E16577100BA4B07 /* HotLiveCell.m */; };
		B4B220891E165A0B00BA4B07 /* HotLiveModel.m in Sources */ = {isa = PBXBuildFile; fileRef = B4B220881E165A0B00BA4B07 /* HotLiveModel.m */; };
		B4B2208C1E166F3200BA4B07 /* UIImage+TExtension.m in Sources */ = {isa = PBXBuildFile; fileRef = B4B2208B1E166F3200BA4B07 /* UIImage+TExtension.m */; };
		B4B220921E18CB0C00BA4B07 /* TRefreshGifHeader.m in Sources */ = {isa = PBXBuildFile; fileRef = B4B220911E18CB0C00BA4B07 /* TRefreshGifHeader.m */; };
		B4B220951E18CE5C00BA4B07 /* LiveCollectionViewController.m in Sources */ = {isa = PBXBuildFile; fileRef = B4B220941E18CE5C00BA4B07 /* LiveCollectionViewController.m */; };
		B4DA00041E13A3F40072405E /* main.m in Sources */ = {isa = PBXBuildFile; fileRef = B4DA00031E13A3F40072405E /* main.m */; };
		B4DA00071E13A3F40072405E /* AppDelegate.m in Sources */ = {isa = PBXBuildFile; fileRef = B4DA00061E13A3F40072405E /* AppDelegate.m */; };
		B4DA000F1E13A3F40072405E /* Assets.xcassets in Resources */ = {isa = PBXBuildFile; fileRef = B4DA000E1E13A3F40072405E /* Assets.xcassets */; };
		B4DA001B1E13A4720072405E /* LoginViewController.m in Sources */ = {isa = PBXBuildFile; fileRef = B4DA001A1E13A4720072405E /* LoginViewController.m */; };
		B4DA001E1E13AAE80072405E /* TXNetworkTool.m in Sources */ = {isa = PBXBuildFile; fileRef = B4DA001D1E13AAE80072405E /* TXNetworkTool.m */; };
		B4DA00201E13B6660072405E /* IJKMediaFramework.framework in Frameworks */ = {isa = PBXBuildFile; fileRef = B4DA001F1E13B6660072405E /* IJKMediaFramework.framework */; };
		B4DA00221E13B8B00072405E /* libz.tbd in Frameworks */ = {isa = PBXBuildFile; fileRef = B4DA00211E13B8B00072405E /* libz.tbd */; };
		B4DA00251E13BD4C0072405E /* login_video.mp4 in Resources */ = {isa = PBXBuildFile; fileRef = B4DA00231E13BD4C0072405E /* login_video.mp4 */; };
		B4DA00261E13BD4C0072405E /* loginmovie.mp4 in Resources */ = {isa = PBXBuildFile; fileRef = B4DA00241E13BD4C0072405E /* loginmovie.mp4 */; };
		B4DA00291E13C2AE0072405E /* LoginView.m in Sources */ = {isa = PBXBuildFile; fileRef = B4DA00281E13C2AE0072405E /* LoginView.m */; };
		B4DA002F1E14B0810072405E /* TarBarController.m in Sources */ = {isa = PBXBuildFile; fileRef = B4DA002E1E14B0810072405E /* TarBarController.m */; };
		B4DA00321E14B1430072405E /* NavigationController.m in Sources */ = {isa = PBXBuildFile; fileRef = B4DA00311E14B1430072405E /* NavigationController.m */; };
		B4DA00351E14B54C0072405E /* HomeViewController.m in Sources */ = {isa = PBXBuildFile; fileRef = B4DA00341E14B54C0072405E /* HomeViewController.m */; };
		B4DA00381E14B5590072405E /* LiveViewController.m in Sources */ = {isa = PBXBuildFile; fileRef = B4DA00371E14B5590072405E /* LiveViewController.m */; };
		B4DA003B1E14B5630072405E /* MeViewController.m in Sources */ = {isa = PBXBuildFile; fileRef = B4DA003A1E14B5630072405E /* MeViewController.m */; };
		B4DA003E1E14BBAF0072405E /* UIDevice+TExtension.m in Sources */ = {isa = PBXBuildFile; fileRef = B4DA003D1E14BBAF0072405E /* UIDevice+TExtension.m */; };
		B4F2450C1E1B427500382BCC /* LiveFlowLayout.m in Sources */ = {isa = PBXBuildFile; fileRef = B4F2450B1E1B427500382BCC /* LiveFlowLayout.m */; };
		B4F2450F1E1B459900382BCC /* LiveCollectionViewCell.m in Sources */ = {isa = PBXBuildFile; fileRef = B4F2450E1E1B459900382BCC /* LiveCollectionViewCell.m */; };
		B4F245121E1B568C00382BCC /* UIViewController+Extension.m in Sources */ = {isa = PBXBuildFile; fileRef = B4F245111E1B568C00382BCC /* UIViewController+Extension.m */; };
		B4F245151E1B57DC00382BCC /* UIImageView+Gif.m in Sources */ = {isa = PBXBuildFile; fileRef = B4F245141E1B57DC00382BCC /* UIImageView+Gif.m */; };
		B4F245181E1B972700382BCC /* EarView.m in Sources */ = {isa = PBXBuildFile; fileRef = B4F245171E1B972700382BCC /* EarView.m */; };
/* End PBXBuildFile section */

/* Begin PBXFileReference section */
		0D34589153B87F9055632C5B /* Pods-Show.debug.xcconfig */ = {isa = PBXFileReference; includeInIndex = 1; lastKnownFileType = text.xcconfig; name = "Pods-Show.debug.xcconfig"; path = "Pods/Target Support Files/Pods-Show/Pods-Show.debug.xcconfig"; sourceTree = "<group>"; };
		B4B220671E150EB500BA4B07 /* TitleView.h */ = {isa = PBXFileReference; fileEncoding = 4; lastKnownFileType = sourcecode.c.h; path = TitleView.h; sourceTree = "<group>"; };
		B4B220681E150EB500BA4B07 /* TitleView.m */ = {isa = PBXFileReference; fileEncoding = 4; lastKnownFileType = sourcecode.c.objc; path = TitleView.m; sourceTree = "<group>"; };
		B4B2206C1E15126600BA4B07 /* Show-Prefix.pch */ = {isa = PBXFileReference; fileEncoding = 4; lastKnownFileType = sourcecode.c.h; path = "Show-Prefix.pch"; sourceTree = "<group>"; };
		B4B2206D1E16039900BA4B07 /* RankViewController.h */ = {isa = PBXFileReference; fileEncoding = 4; lastKnownFileType = sourcecode.c.h; path = RankViewController.h; sourceTree = "<group>"; };
		B4B2206E1E16039900BA4B07 /* RankViewController.m */ = {isa = PBXFileReference; fileEncoding = 4; lastKnownFileType = sourcecode.c.objc; path = RankViewController.m; sourceTree = "<group>"; };
		B4B220701E16097800BA4B07 /* HotViewController.h */ = {isa = PBXFileReference; fileEncoding = 4; lastKnownFileType = sourcecode.c.h; path = HotViewController.h; sourceTree = "<group>"; };
		B4B220711E16097800BA4B07 /* HotViewController.m */ = {isa = PBXFileReference; fileEncoding = 4; lastKnownFileType = sourcecode.c.objc; path = HotViewController.m; sourceTree = "<group>"; };
		B4B220731E16098700BA4B07 /* NewViewController.h */ = {isa = PBXFileReference; fileEncoding = 4; lastKnownFileType = sourcecode.c.h; path = NewViewController.h; sourceTree = "<group>"; };
		B4B220741E16098800BA4B07 /* NewViewController.m */ = {isa = PBXFileReference; fileEncoding = 4; lastKnownFileType = sourcecode.c.objc; path = NewViewController.m; sourceTree = "<group>"; };
		B4B220761E16099600BA4B07 /* CareViewController.h */ = {isa = PBXFileReference; fileEncoding = 4; lastKnownFileType = sourcecode.c.h; path = CareViewController.h; sourceTree = "<group>"; };
		B4B220771E16099600BA4B07 /* CareViewController.m */ = {isa = PBXFileReference; fileEncoding = 4; lastKnownFileType = sourcecode.c.objc; path = CareViewController.m; sourceTree = "<group>"; };
		B4B220791E16126B00BA4B07 /* CarouselView.h */ = {isa = PBXFileReference; fileEncoding = 4; lastKnownFileType = sourcecode.c.h; path = CarouselView.h; sourceTree = "<group>"; };
		B4B2207A1E16126B00BA4B07 /* CarouselView.m */ = {isa = PBXFileReference; fileEncoding = 4; lastKnownFileType = sourcecode.c.objc; path = CarouselView.m; sourceTree = "<group>"; };
		B4B2207C1E162FE500BA4B07 /* AdModel.h */ = {isa = PBXFileReference; fileEncoding = 4; lastKnownFileType = sourcecode.c.h; path = AdModel.h; sourceTree = "<group>"; };
		B4B2207D1E162FE500BA4B07 /* AdModel.m */ = {isa = PBXFileReference; fileEncoding = 4; lastKnownFileType = sourcecode.c.objc; path = AdModel.m; sourceTree = "<group>"; };
		B4B2207F1E1642A900BA4B07 /* NetWorkRequest.h */ = {isa = PBXFileReference; fileEncoding = 4; lastKnownFileType = sourcecode.c.h; path = NetWorkRequest.h; sourceTree = "<group>"; };
		B4B220801E1642A900BA4B07 /* NetWorkRequest.m */ = {isa = PBXFileReference; fileEncoding = 4; lastKnownFileType = sourcecode.c.objc; path = NetWorkRequest.m; sourceTree = "<group>"; };
		B4B220821E164D6B00BA4B07 /* noimg.png */ = {isa = PBXFileReference; lastKnownFileType = image.png; path = noimg.png; sourceTree = "<group>"; };
		B4B220841E16577100BA4B07 /* HotLiveCell.h */ = {isa = PBXFileReference; fileEncoding = 4; lastKnownFileType = sourcecode.c.h; path = HotLiveCell.h; sourceTree = "<group>"; };
		B4B220851E16577100BA4B07 /* HotLiveCell.m */ = {isa = PBXFileReference; fileEncoding = 4; lastKnownFileType = sourcecode.c.objc; path = HotLiveCell.m; sourceTree = "<group>"; };
		B4B220871E165A0B00BA4B07 /* HotLiveModel.h */ = {isa = PBXFileReference; fileEncoding = 4; lastKnownFileType = sourcecode.c.h; path = HotLiveModel.h; sourceTree = "<group>"; };
		B4B220881E165A0B00BA4B07 /* HotLiveModel.m */ = {isa = PBXFileReference; fileEncoding = 4; lastKnownFileType = sourcecode.c.objc; path = HotLiveModel.m; sourceTree = "<group>"; };
		B4B2208A1E166F3200BA4B07 /* UIImage+TExtension.h */ = {isa = PBXFileReference; fileEncoding = 4; lastKnownFileType = sourcecode.c.h; path = "UIImage+TExtension.h"; sourceTree = "<group>"; };
		B4B2208B1E166F3200BA4B07 /* UIImage+TExtension.m */ = {isa = PBXFileReference; fileEncoding = 4; lastKnownFileType = sourcecode.c.objc; path = "UIImage+TExtension.m"; sourceTree = "<group>"; };
		B4B220901E18CB0C00BA4B07 /* TRefreshGifHeader.h */ = {isa = PBXFileReference; fileEncoding = 4; lastKnownFileType = sourcecode.c.h; path = TRefreshGifHeader.h; sourceTree = "<group>"; };
		B4B220911E18CB0C00BA4B07 /* TRefreshGifHeader.m */ = {isa = PBXFileReference; fileEncoding = 4; lastKnownFileType = sourcecode.c.objc; path = TRefreshGifHeader.m; sourceTree = "<group>"; };
		B4B220931E18CE5C00BA4B07 /* LiveCollectionViewController.h */ = {isa = PBXFileReference; fileEncoding = 4; lastKnownFileType = sourcecode.c.h; path = LiveCollectionViewController.h; sourceTree = "<group>"; };
		B4B220941E18CE5C00BA4B07 /* LiveCollectionViewController.m */ = {isa = PBXFileReference; fileEncoding = 4; lastKnownFileType = sourcecode.c.objc; path = LiveCollectionViewController.m; sourceTree = "<group>"; };
		B4DA00031E13A3F40072405E /* main.m */ = {isa = PBXFileReference; lastKnownFileType = sourcecode.c.objc; path = main.m; sourceTree = "<group>"; };
		B4DA00051E13A3F40072405E /* AppDelegate.h */ = {isa = PBXFileReference; lastKnownFileType = sourcecode.c.h; path = AppDelegate.h; sourceTree = "<group>"; };
		B4DA00061E13A3F40072405E /* AppDelegate.m */ = {isa = PBXFileReference; lastKnownFileType = sourcecode.c.objc; path = AppDelegate.m; sourceTree = "<group>"; };
		B4DA000E1E13A3F40072405E /* Assets.xcassets */ = {isa = PBXFileReference; lastKnownFileType = folder.assetcatalog; path = Assets.xcassets; sourceTree = "<group>"; };
		B4DA00131E13A3F40072405E /* Info.plist */ = {isa = PBXFileReference; lastKnownFileType = text.plist.xml; path = Info.plist; sourceTree = "<group>"; };
		B4DA00191E13A4720072405E /* LoginViewController.h */ = {isa = PBXFileReference; fileEncoding = 4; lastKnownFileType = sourcecode.c.h; path = LoginViewController.h; sourceTree = "<group>"; };
		B4DA001A1E13A4720072405E /* LoginViewController.m */ = {isa = PBXFileReference; fileEncoding = 4; lastKnownFileType = sourcecode.c.objc; path = LoginViewController.m; sourceTree = "<group>"; };
		B4DA001C1E13AAE80072405E /* TXNetworkTool.h */ = {isa = PBXFileReference; fileEncoding = 4; lastKnownFileType = sourcecode.c.h; path = TXNetworkTool.h; sourceTree = "<group>"; };
		B4DA001D1E13AAE80072405E /* TXNetworkTool.m */ = {isa = PBXFileReference; fileEncoding = 4; lastKnownFileType = sourcecode.c.objc; path = TXNetworkTool.m; sourceTree = "<group>"; };
		B4DA001F1E13B6660072405E /* IJKMediaFramework.framework */ = {isa = PBXFileReference; lastKnownFileType = wrapper.framework; path = IJKMediaFramework.framework; sourceTree = "<group>"; };
		B4DA00211E13B8B00072405E /* libz.tbd */ = {isa = PBXFileReference; lastKnownFileType = "sourcecode.text-based-dylib-definition"; name = libz.tbd; path = usr/lib/libz.tbd; sourceTree = SDKROOT; };
		B4DA00231E13BD4C0072405E /* login_video.mp4 */ = {isa = PBXFileReference; lastKnownFileType = file; path = login_video.mp4; sourceTree = "<group>"; };
		B4DA00241E13BD4C0072405E /* loginmovie.mp4 */ = {isa = PBXFileReference; lastKnownFileType = file; path = loginmovie.mp4; sourceTree = "<group>"; };
		B4DA00271E13C2AE0072405E /* LoginView.h */ = {isa = PBXFileReference; fileEncoding = 4; lastKnownFileType = sourcecode.c.h; path = LoginView.h; sourceTree = "<group>"; };
		B4DA00281E13C2AE0072405E /* LoginView.m */ = {isa = PBXFileReference; fileEncoding = 4; lastKnownFileType = sourcecode.c.objc; path = LoginView.m; sourceTree = "<group>"; };
		B4DA002D1E14B0810072405E /* TarBarController.h */ = {isa = PBXFileReference; fileEncoding = 4; lastKnownFileType = sourcecode.c.h; path = TarBarController.h; sourceTree = "<group>"; };
		B4DA002E1E14B0810072405E /* TarBarController.m */ = {isa = PBXFileReference; fileEncoding = 4; lastKnownFileType = sourcecode.c.objc; path = TarBarController.m; sourceTree = "<group>"; };
		B4DA00301E14B1430072405E /* NavigationController.h */ = {isa = PBXFileReference; fileEncoding = 4; lastKnownFileType = sourcecode.c.h; path = NavigationController.h; sourceTree = "<group>"; };
		B4DA00311E14B1430072405E /* NavigationController.m */ = {isa = PBXFileReference; fileEncoding = 4; lastKnownFileType = sourcecode.c.objc; path = NavigationController.m; sourceTree = "<group>"; };
		B4DA00331E14B54C0072405E /* HomeViewController.h */ = {isa = PBXFileReference; fileEncoding = 4; lastKnownFileType = sourcecode.c.h; path = HomeViewController.h; sourceTree = "<group>"; };
		B4DA00341E14B54C0072405E /* HomeViewController.m */ = {isa = PBXFileReference; fileEncoding = 4; lastKnownFileType = sourcecode.c.objc; path = HomeViewController.m; sourceTree = "<group>"; };
		B4DA00361E14B5590072405E /* LiveViewController.h */ = {isa = PBXFileReference; fileEncoding = 4; lastKnownFileType = sourcecode.c.h; path = LiveViewController.h; sourceTree = "<group>"; };
		B4DA00371E14B5590072405E /* LiveViewController.m */ = {isa = PBXFileReference; fileEncoding = 4; lastKnownFileType = sourcecode.c.objc; path = LiveViewController.m; sourceTree = "<group>"; };
		B4DA00391E14B5630072405E /* MeViewController.h */ = {isa = PBXFileReference; fileEncoding = 4; lastKnownFileType = sourcecode.c.h; path = MeViewController.h; sourceTree = "<group>"; };
		B4DA003A1E14B5630072405E /* MeViewController.m */ = {isa = PBXFileReference; fileEncoding = 4; lastKnownFileType = sourcecode.c.objc; path = MeViewController.m; sourceTree = "<group>"; };
		B4DA003C1E14BBAF0072405E /* UIDevice+TExtension.h */ = {isa = PBXFileReference; fileEncoding = 4; lastKnownFileType = sourcecode.c.h; path = "UIDevice+TExtension.h"; sourceTree = "<group>"; };
		B4DA003D1E14BBAF0072405E /* UIDevice+TExtension.m */ = {isa = PBXFileReference; fileEncoding = 4; lastKnownFileType = sourcecode.c.objc; path = "UIDevice+TExtension.m"; sourceTree = "<group>"; };
		B4DAFFFF1E13A3F40072405E /* Show.app */ = {isa = PBXFileReference; explicitFileType = wrapper.application; includeInIndex = 0; path = Show.app; sourceTree = BUILT_PRODUCTS_DIR; };
		B4F2450A1E1B427500382BCC /* LiveFlowLayout.h */ = {isa = PBXFileReference; fileEncoding = 4; lastKnownFileType = sourcecode.c.h; path = LiveFlowLayout.h; sourceTree = "<group>"; };
		B4F2450B1E1B427500382BCC /* LiveFlowLayout.m */ = {isa = PBXFileReference; fileEncoding = 4; lastKnownFileType = sourcecode.c.objc; path = LiveFlowLayout.m; sourceTree = "<group>"; };
		B4F2450D1E1B459900382BCC /* LiveCollectionViewCell.h */ = {isa = PBXFileReference; fileEncoding = 4; lastKnownFileType = sourcecode.c.h; path = LiveCollectionViewCell.h; sourceTree = "<group>"; };
		B4F2450E1E1B459900382BCC /* LiveCollectionViewCell.m */ = {isa = PBXFileReference; fileEncoding = 4; lastKnownFileType = sourcecode.c.objc; path = LiveCollectionViewCell.m; sourceTree = "<group>"; };
		B4F245101E1B568C00382BCC /* UIViewController+Extension.h */ = {isa = PBXFileReference; fileEncoding = 4; lastKnownFileType = sourcecode.c.h; path = "UIViewController+Extension.h"; sourceTree = "<group>"; };
		B4F245111E1B568C00382BCC /* UIViewController+Extension.m */ = {isa = PBXFileReference; fileEncoding = 4; lastKnownFileType = sourcecode.c.objc; path = "UIViewController+Extension.m"; sourceTree = "<group>"; };
		B4F245131E1B57DC00382BCC /* UIImageView+Gif.h */ = {isa = PBXFileReference; fileEncoding = 4; lastKnownFileType = sourcecode.c.h; path = "UIImageView+Gif.h"; sourceTree = "<group>"; };
		B4F245141E1B57DC00382BCC /* UIImageView+Gif.m */ = {isa = PBXFileReference; fileEncoding = 4; lastKnownFileType = sourcecode.c.objc; path = "UIImageView+Gif.m"; sourceTree = "<group>"; };
		B4F245161E1B972700382BCC /* EarView.h */ = {isa = PBXFileReference; fileEncoding = 4; lastKnownFileType = sourcecode.c.h; path = EarView.h; sourceTree = "<group>"; };
		B4F245171E1B972700382BCC /* EarView.m */ = {isa = PBXFileReference; fileEncoding = 4; lastKnownFileType = sourcecode.c.objc; path = EarView.m; sourceTree = "<group>"; };
		C395C4FEECE2DFDCB205F2FD /* Pods-Show.release.xcconfig */ = {isa = PBXFileReference; includeInIndex = 1; lastKnownFileType = text.xcconfig; name = "Pods-Show.release.xcconfig"; path = "Pods/Target Support Files/Pods-Show/Pods-Show.release.xcconfig"; sourceTree = "<group>"; };
		D32B14B38F4C2D4669FF3D26 /* libPods-Show.a */ = {isa = PBXFileReference; explicitFileType = archive.ar; includeInIndex = 0; path = "libPods-Show.a"; sourceTree = BUILT_PRODUCTS_DIR; };
/* End PBXFileReference section */

/* Begin PBXFrameworksBuildPhase section */
		B4DAFFFC1E13A3F40072405E /* Frameworks */ = {
			isa = PBXFrameworksBuildPhase;
			buildActionMask = 2147483647;
			files = (
				B4DA00221E13B8B00072405E /* libz.tbd in Frameworks */,
				A2A86B0DDD8F1416989043C7 /* libPods-Show.a in Frameworks */,
				B4DA00201E13B6660072405E /* IJKMediaFramework.framework in Frameworks */,
			);
			runOnlyForDeploymentPostprocessing = 0;
		};
/* End PBXFrameworksBuildPhase section */

/* Begin PBXGroup section */
		A8CF4F04499F31F738711D7F /* Pods */ = {
			isa = PBXGroup;
			children = (
				0D34589153B87F9055632C5B /* Pods-Show.debug.xcconfig */,
				C395C4FEECE2DFDCB205F2FD /* Pods-Show.release.xcconfig */,
			);
			name = Pods;
			sourceTree = "<group>";
		};
		B4B220611E150DC100BA4B07 /* login */ = {
			isa = PBXGroup;
			children = (
				B4DA00191E13A4720072405E /* LoginViewController.h */,
				B4DA001A1E13A4720072405E /* LoginViewController.m */,
				B4DA00271E13C2AE0072405E /* LoginView.h */,
				B4DA00281E13C2AE0072405E /* LoginView.m */,
			);
			name = login;
			sourceTree = "<group>";
		};
		B4B220621E150DC600BA4B07 /* tool */ = {
			isa = PBXGroup;
			children = (
				B4DA001C1E13AAE80072405E /* TXNetworkTool.h */,
				B4DA001D1E13AAE80072405E /* TXNetworkTool.m */,
				B4B2207F1E1642A900BA4B07 /* NetWorkRequest.h */,
				B4B220801E1642A900BA4B07 /* NetWorkRequest.m */,
				B4DA003C1E14BBAF0072405E /* UIDevice+TExtension.h */,
				B4DA003D1E14BBAF0072405E /* UIDevice+TExtension.m */,
				B4B2208A1E166F3200BA4B07 /* UIImage+TExtension.h */,
				B4B2208B1E166F3200BA4B07 /* UIImage+TExtension.m */,
				B4F245101E1B568C00382BCC /* UIViewController+Extension.h */,
				B4F245111E1B568C00382BCC /* UIViewController+Extension.m */,
				B4F245131E1B57DC00382BCC /* UIImageView+Gif.h */,
				B4F245141E1B57DC00382BCC /* UIImageView+Gif.m */,
			);
			name = tool;
			sourceTree = "<group>";
		};
		B4B220631E150E2100BA4B07 /* me */ = {
			isa = PBXGroup;
			children = (
				B4DA00391E14B5630072405E /* MeViewController.h */,
				B4DA003A1E14B5630072405E /* MeViewController.m */,
			);
			name = me;
			sourceTree = "<group>";
		};
		B4B220641E150E2500BA4B07 /* nav&tarbar */ = {
			isa = PBXGroup;
			children = (
				B4DA00301E14B1430072405E /* NavigationController.h */,
				B4DA00311E14B1430072405E /* NavigationController.m */,
				B4DA002D1E14B0810072405E /* TarBarController.h */,
				B4DA002E1E14B0810072405E /* TarBarController.m */,
			);
			name = "nav&tarbar";
			sourceTree = "<group>";
		};
		B4B220651E150E4A00BA4B07 /* live */ = {
			isa = PBXGroup;
			children = (
				B4DA00361E14B5590072405E /* LiveViewController.h */,
				B4DA00371E14B5590072405E /* LiveViewController.m */,
			);
			name = live;
			sourceTree = "<group>";
		};
		B4B220661E150E4F00BA4B07 /* home */ = {
			isa = PBXGroup;
			children = (
				B4DA00331E14B54C0072405E /* HomeViewController.h */,
				B4DA00341E14B54C0072405E /* HomeViewController.m */,
				B4B220671E150EB500BA4B07 /* TitleView.h */,
				B4B220681E150EB500BA4B07 /* TitleView.m */,
				B4F245091E1B421E00382BCC /* hot */,
				B4B220731E16098700BA4B07 /* NewViewController.h */,
				B4B220741E16098800BA4B07 /* NewViewController.m */,
				B4B220761E16099600BA4B07 /* CareViewController.h */,
				B4B220771E16099600BA4B07 /* CareViewController.m */,
				B4B2206D1E16039900BA4B07 /* RankViewController.h */,
				B4B2206E1E16039900BA4B07 /* RankViewController.m */,
			);
			name = home;
			sourceTree = "<group>";
		};
		B4DA00001E13A3F40072405E /* Products */ = {
			isa = PBXGroup;
			children = (
				B4DAFFFF1E13A3F40072405E /* Show.app */,
			);
			name = Products;
			sourceTree = "<group>";
		};
		B4DA00011E13A3F40072405E /* Show */ = {
			isa = PBXGroup;
			children = (
				B4DA00051E13A3F40072405E /* AppDelegate.h */,
				B4DA00061E13A3F40072405E /* AppDelegate.m */,
				B4B220621E150DC600BA4B07 /* tool */,
				B4B220611E150DC100BA4B07 /* login */,
				B4B220641E150E2500BA4B07 /* nav&tarbar */,
				B4B220661E150E4F00BA4B07 /* home */,
				B4B220651E150E4A00BA4B07 /* live */,
				B4B220631E150E2100BA4B07 /* me */,
				B4DA001F1E13B6660072405E /* IJKMediaFramework.framework */,
				B4DA00021E13A3F40072405E /* Supporting Files */,
			);
			path = Show;
			sourceTree = "<group>";
		};
		B4DA00021E13A3F40072405E /* Supporting Files */ = {
			isa = PBXGroup;
			children = (
				B4DA00231E13BD4C0072405E /* login_video.mp4 */,
				B4DA00241E13BD4C0072405E /* loginmovie.mp4 */,
				B4B220821E164D6B00BA4B07 /* noimg.png */,
				B4DA000E1E13A3F40072405E /* Assets.xcassets */,
				B4DA00131E13A3F40072405E /* Info.plist */,
				B4DA00031E13A3F40072405E /* main.m */,
				B4B2206C1E15126600BA4B07 /* Show-Prefix.pch */,
			);
			name = "Supporting Files";
			sourceTree = "<group>";
		};
		B4DAFFF61E13A3F40072405E = {
			isa = PBXGroup;
			children = (
				B4DA00011E13A3F40072405E /* Show */,
				B4DA00001E13A3F40072405E /* Products */,
				A8CF4F04499F31F738711D7F /* Pods */,
				B5E9336DA3A0F1D55E78CD56 /* Frameworks */,
			);
			sourceTree = "<group>";
		};
		B4F245091E1B421E00382BCC /* hot */ = {
			isa = PBXGroup;
			children = (
				B4B220701E16097800BA4B07 /* HotViewController.h */,
				B4B220711E16097800BA4B07 /* HotViewController.m */,
				B4B220791E16126B00BA4B07 /* CarouselView.h */,
				B4B2207A1E16126B00BA4B07 /* CarouselView.m */,
				B4B2207C1E162FE500BA4B07 /* AdModel.h */,
				B4B2207D1E162FE500BA4B07 /* AdModel.m */,
				B4B220841E16577100BA4B07 /* HotLiveCell.h */,
				B4B220851E16577100BA4B07 /* HotLiveCell.m */,
				B4B220871E165A0B00BA4B07 /* HotLiveModel.h */,
				B4B220881E165A0B00BA4B07 /* HotLiveModel.m */,
				B4B220901E18CB0C00BA4B07 /* TRefreshGifHeader.h */,
				B4B220911E18CB0C00BA4B07 /* TRefreshGifHeader.m */,
				B4B220931E18CE5C00BA4B07 /* LiveCollectionViewController.h */,
				B4B220941E18CE5C00BA4B07 /* LiveCollectionViewController.m */,
				B4F2450A1E1B427500382BCC /* LiveFlowLayout.h */,
				B4F2450B1E1B427500382BCC /* LiveFlowLayout.m */,
				B4F2450D1E1B459900382BCC /* LiveCollectionViewCell.h */,
				B4F2450E1E1B459900382BCC /* LiveCollectionViewCell.m */,
				B4F245161E1B972700382BCC /* EarView.h */,
				B4F245171E1B972700382BCC /* EarView.m */,
			);
			name = hot;
			sourceTree = "<group>";
		};
		B5E9336DA3A0F1D55E78CD56 /* Frameworks */ = {
			isa = PBXGroup;
			children = (
				B4DA00211E13B8B00072405E /* libz.tbd */,
				D32B14B38F4C2D4669FF3D26 /* libPods-Show.a */,
			);
			name = Frameworks;
			sourceTree = "<group>";
		};
/* End PBXGroup section */

/* Begin PBXNativeTarget section */
		B4DAFFFE1E13A3F40072405E /* Show */ = {
			isa = PBXNativeTarget;
			buildConfigurationList = B4DA00161E13A3F40072405E /* Build configuration list for PBXNativeTarget "Show" */;
			buildPhases = (
				2B7267A6A964E81638423CC6 /* [CP] Check Pods Manifest.lock */,
				B4DAFFFB1E13A3F40072405E /* Sources */,
				B4DAFFFC1E13A3F40072405E /* Frameworks */,
				B4DAFFFD1E13A3F40072405E /* Resources */,
				41DA4B59AC0A8ACEDC2EBE41 /* [CP] Embed Pods Frameworks */,
				A4F4CCDACEFB1DB8D2CAEA30 /* [CP] Copy Pods Resources */,
			);
			buildRules = (
			);
			dependencies = (
			);
			name = Show;
			productName = Show;
			productReference = B4DAFFFF1E13A3F40072405E /* Show.app */;
			productType = "com.apple.product-type.application";
		};
/* End PBXNativeTarget section */

/* Begin PBXProject section */
		B4DAFFF71E13A3F40072405E /* Project object */ = {
			isa = PBXProject;
			attributes = {
				LastUpgradeCheck = 0810;
				ORGANIZATIONNAME = txx;
				TargetAttributes = {
					B4DAFFFE1E13A3F40072405E = {
						CreatedOnToolsVersion = 8.1;
						DevelopmentTeam = 5LW8U9Y7T4;
						ProvisioningStyle = Automatic;
					};
				};
			};
			buildConfigurationList = B4DAFFFA1E13A3F40072405E /* Build configuration list for PBXProject "Show" */;
			compatibilityVersion = "Xcode 3.2";
			developmentRegion = English;
			hasScannedForEncodings = 0;
			knownRegions = (
				en,
				Base,
			);
			mainGroup = B4DAFFF61E13A3F40072405E;
			productRefGroup = B4DA00001E13A3F40072405E /* Products */;
			projectDirPath = "";
			projectRoot = "";
			targets = (
				B4DAFFFE1E13A3F40072405E /* Show */,
			);
		};
/* End PBXProject section */

/* Begin PBXResourcesBuildPhase section */
		B4DAFFFD1E13A3F40072405E /* Resources */ = {
			isa = PBXResourcesBuildPhase;
			buildActionMask = 2147483647;
			files = (
				B4DA000F1E13A3F40072405E /* Assets.xcassets in Resources */,
				B4DA00261E13BD4C0072405E /* loginmovie.mp4 in Resources */,
				B4B220831E164D6B00BA4B07 /* noimg.png in Resources */,
				B4DA00251E13BD4C0072405E /* login_video.mp4 in Resources */,
			);
			runOnlyForDeploymentPostprocessing = 0;
		};
/* End PBXResourcesBuildPhase section */

/* Begin PBXShellScriptBuildPhase section */
		2B7267A6A964E81638423CC6 /* [CP] Check Pods Manifest.lock */ = {
			isa = PBXShellScriptBuildPhase;
			buildActionMask = 2147483647;
			files = (
			);
			inputPaths = (
			);
			name = "[CP] Check Pods Manifest.lock";
			outputPaths = (
			);
			runOnlyForDeploymentPostprocessing = 0;
			shellPath = /bin/sh;
			shellScript = "diff \"${PODS_ROOT}/../Podfile.lock\" \"${PODS_ROOT}/Manifest.lock\" > /dev/null\nif [ $? != 0 ] ; then\n    # print error to STDERR\n    echo \"error: The sandbox is not in sync with the Podfile.lock. Run 'pod install' or update your CocoaPods installation.\" >&2\n    exit 1\nfi\n";
			showEnvVarsInLog = 0;
		};
		41DA4B59AC0A8ACEDC2EBE41 /* [CP] Embed Pods Frameworks */ = {
			isa = PBXShellScriptBuildPhase;
			buildActionMask = 2147483647;
			files = (
			);
			inputPaths = (
			);
			name = "[CP] Embed Pods Frameworks";
			outputPaths = (
			);
			runOnlyForDeploymentPostprocessing = 0;
			shellPath = /bin/sh;
			shellScript = "\"${SRCROOT}/Pods/Target Support Files/Pods-Show/Pods-Show-frameworks.sh\"\n";
			showEnvVarsInLog = 0;
		};
		A4F4CCDACEFB1DB8D2CAEA30 /* [CP] Copy Pods Resources */ = {
			isa = PBXShellScriptBuildPhase;
			buildActionMask = 2147483647;
			files = (
			);
			inputPaths = (
			);
			name = "[CP] Copy Pods Resources";
			outputPaths = (
			);
			runOnlyForDeploymentPostprocessing = 0;
			shellPath = /bin/sh;
			shellScript = "\"${SRCROOT}/Pods/Target Support Files/Pods-Show/Pods-Show-resources.sh\"\n";
			showEnvVarsInLog = 0;
		};
/* End PBXShellScriptBuildPhase section */

/* Begin PBXSourcesBuildPhase section */
		B4DAFFFB1E13A3F40072405E /* Sources */ = {
			isa = PBXSourcesBuildPhase;
			buildActionMask = 2147483647;
			files = (
				B4B2207E1E162FE500BA4B07 /* AdModel.m in Sources */,
				B4B2206F1E16039900BA4B07 /* RankViewController.m in Sources */,
				B4B2208C1E166F3200BA4B07 /* UIImage+TExtension.m in Sources */,
				B4F245121E1B568C00382BCC /* UIViewController+Extension.m in Sources */,
				B4DA00071E13A3F40072405E /* AppDelegate.m in Sources */,
				B4F2450F1E1B459900382BCC /* LiveCollectionViewCell.m in Sources */,
				B4B220891E165A0B00BA4B07 /* HotLiveModel.m in Sources */,
				B4DA00041E13A3F40072405E /* main.m in Sources */,
				B4B220921E18CB0C00BA4B07 /* TRefreshGifHeader.m in Sources */,
				B4F245151E1B57DC00382BCC /* UIImageView+Gif.m in Sources */,
				B4DA001E1E13AAE80072405E /* TXNetworkTool.m in Sources */,
				B4DA002F1E14B0810072405E /* TarBarController.m in Sources */,
				B4DA003B1E14B5630072405E /* MeViewController.m in Sources */,
				B4B220811E1642A900BA4B07 /* NetWorkRequest.m in Sources */,
				B4DA00291E13C2AE0072405E /* LoginView.m in Sources */,
				B4DA001B1E13A4720072405E /* LoginViewController.m in Sources */,
				B4B220721E16097800BA4B07 /* HotViewController.m in Sources */,
				B4B220781E16099600BA4B07 /* CareViewController.m in Sources */,
				B4B220691E150EB500BA4B07 /* TitleView.m in Sources */,
				B4DA003E1E14BBAF0072405E /* UIDevice+TExtension.m in Sources */,
				B4DA00381E14B5590072405E /* LiveViewController.m in Sources */,
				B4B220861E16577100BA4B07 /* HotLiveCell.m in Sources */,
				B4B220751E16098800BA4B07 /* NewViewController.m in Sources */,
				B4F2450C1E1B427500382BCC /* LiveFlowLayout.m in Sources */,
				B4B220951E18CE5C00BA4B07 /* LiveCollectionViewController.m in Sources */,
				B4DA00321E14B1430072405E /* NavigationController.m in Sources */,
				B4F245181E1B972700382BCC /* EarView.m in Sources */,
				B4DA00351E14B54C0072405E /* HomeViewController.m in Sources */,
				B4B2207B1E16126B00BA4B07 /* CarouselView.m in Sources */,
			);
			runOnlyForDeploymentPostprocessing = 0;
		};
/* End PBXSourcesBuildPhase section */

/* Begin XCBuildConfiguration section */
		B4DA00141E13A3F40072405E /* Debug */ = {
			isa = XCBuildConfiguration;
			buildSettings = {
				ALWAYS_SEARCH_USER_PATHS = NO;
				CLANG_ANALYZER_NONNULL = YES;
				CLANG_CXX_LANGUAGE_STANDARD = "gnu++0x";
				CLANG_CXX_LIBRARY = "libc++";
				CLANG_ENABLE_MODULES = YES;
				CLANG_ENABLE_OBJC_ARC = YES;
				CLANG_WARN_BOOL_CONVERSION = YES;
				CLANG_WARN_CONSTANT_CONVERSION = YES;
				CLANG_WARN_DIRECT_OBJC_ISA_USAGE = YES_ERROR;
				CLANG_WARN_DOCUMENTATION_COMMENTS = YES;
				CLANG_WARN_EMPTY_BODY = YES;
				CLANG_WARN_ENUM_CONVERSION = YES;
				CLANG_WARN_INFINITE_RECURSION = YES;
				CLANG_WARN_INT_CONVERSION = YES;
				CLANG_WARN_OBJC_ROOT_CLASS = YES_ERROR;
				CLANG_WARN_SUSPICIOUS_MOVE = YES;
				CLANG_WARN_SUSPICIOUS_MOVES = YES;
				CLANG_WARN_UNREACHABLE_CODE = YES;
				CLANG_WARN__DUPLICATE_METHOD_MATCH = YES;
				"CODE_SIGN_IDENTITY[sdk=iphoneos*]" = "iPhone Developer";
				COPY_PHASE_STRIP = NO;
				DEBUG_INFORMATION_FORMAT = dwarf;
				ENABLE_STRICT_OBJC_MSGSEND = YES;
				ENABLE_TESTABILITY = YES;
				GCC_C_LANGUAGE_STANDARD = gnu99;
				GCC_DYNAMIC_NO_PIC = NO;
				GCC_NO_COMMON_BLOCKS = YES;
				GCC_OPTIMIZATION_LEVEL = 0;
				GCC_PREPROCESSOR_DEFINITIONS = (
					"DEBUG=1",
					"$(inherited)",
				);
				GCC_WARN_64_TO_32_BIT_CONVERSION = YES;
				GCC_WARN_ABOUT_RETURN_TYPE = YES_ERROR;
				GCC_WARN_UNDECLARED_SELECTOR = YES;
				GCC_WARN_UNINITIALIZED_AUTOS = YES_AGGRESSIVE;
				GCC_WARN_UNUSED_FUNCTION = YES;
				GCC_WARN_UNUSED_VARIABLE = YES;
				IPHONEOS_DEPLOYMENT_TARGET = 10.1;
				MTL_ENABLE_DEBUG_INFO = YES;
				ONLY_ACTIVE_ARCH = YES;
				SDKROOT = iphoneos;
			};
			name = Debug;
		};
		B4DA00151E13A3F40072405E /* Release */ = {
			isa = XCBuildConfiguration;
			buildSettings = {
				ALWAYS_SEARCH_USER_PATHS = NO;
				CLANG_ANALYZER_NONNULL = YES;
				CLANG_CXX_LANGUAGE_STANDARD = "gnu++0x";
				CLANG_CXX_LIBRARY = "libc++";
				CLANG_ENABLE_MODULES = YES;
				CLANG_ENABLE_OBJC_ARC = YES;
				CLANG_WARN_BOOL_CONVERSION = YES;
				CLANG_WARN_CONSTANT_CONVERSION = YES;
				CLANG_WARN_DIRECT_OBJC_ISA_USAGE = YES_ERROR;
				CLANG_WARN_DOCUMENTATION_COMMENTS = YES;
				CLANG_WARN_EMPTY_BODY = YES;
				CLANG_WARN_ENUM_CONVERSION = YES;
				CLANG_WARN_INFINITE_RECURSION = YES;
				CLANG_WARN_INT_CONVERSION = YES;
				CLANG_WARN_OBJC_ROOT_CLASS = YES_ERROR;
				CLANG_WARN_SUSPICIOUS_MOVE = YES;
				CLANG_WARN_SUSPICIOUS_MOVES = YES;
				CLANG_WARN_UNREACHABLE_CODE = YES;
				CLANG_WARN__DUPLICATE_METHOD_MATCH = YES;
				"CODE_SIGN_IDENTITY[sdk=iphoneos*]" = "iPhone Developer";
				COPY_PHASE_STRIP = NO;
				DEBUG_INFORMATION_FORMAT = "dwarf-with-dsym";
				ENABLE_NS_ASSERTIONS = NO;
				ENABLE_STRICT_OBJC_MSGSEND = YES;
				GCC_C_LANGUAGE_STANDARD = gnu99;
				GCC_NO_COMMON_BLOCKS = YES;
				GCC_WARN_64_TO_32_BIT_CONVERSION = YES;
				GCC_WARN_ABOUT_RETURN_TYPE = YES_ERROR;
				GCC_WARN_UNDECLARED_SELECTOR = YES;
				GCC_WARN_UNINITIALIZED_AUTOS = YES_AGGRESSIVE;
				GCC_WARN_UNUSED_FUNCTION = YES;
				GCC_WARN_UNUSED_VARIABLE = YES;
				IPHONEOS_DEPLOYMENT_TARGET = 10.1;
				MTL_ENABLE_DEBUG_INFO = NO;
				SDKROOT = iphoneos;
				VALIDATE_PRODUCT = YES;
			};
			name = Release;
		};
		B4DA00171E13A3F40072405E /* Debug */ = {
			isa = XCBuildConfiguration;
			baseConfigurationReference = 0D34589153B87F9055632C5B /* Pods-Show.debug.xcconfig */;
			buildSettings = {
				ASSETCATALOG_COMPILER_APPICON_NAME = AppIcon;
				ASSETCATALOG_COMPILER_LAUNCHIMAGE_NAME = LaunchImage;
				DEVELOPMENT_TEAM = 5LW8U9Y7T4;
				FRAMEWORK_SEARCH_PATHS = (
					"$(inherited)",
					"$(PROJECT_DIR)/Show",
				);
				GCC_PRECOMPILE_PREFIX_HEADER = YES;
				GCC_PREFIX_HEADER = "Show/Show-Prefix.pch";
				INFOPLIST_FILE = Show/Info.plist;
				IPHONEOS_DEPLOYMENT_TARGET = 8.0;
				LD_RUNPATH_SEARCH_PATHS = "$(inherited) @executable_path/Frameworks";
				PRODUCT_BUNDLE_IDENTIFIER = com.51jk.Show;
				PRODUCT_NAME = "$(TARGET_NAME)";
			};
			name = Debug;
		};
		B4DA00181E13A3F40072405E /* Release */ = {
			isa = XCBuildConfiguration;
			baseConfigurationReference = C395C4FEECE2DFDCB205F2FD /* Pods-Show.release.xcconfig */;
			buildSettings = {
				ASSETCATALOG_COMPILER_APPICON_NAME = AppIcon;
				ASSETCATALOG_COMPILER_LAUNCHIMAGE_NAME = LaunchImage;
				DEVELOPMENT_TEAM = 5LW8U9Y7T4;
				FRAMEWORK_SEARCH_PATHS = (
					"$(inherited)",
					"$(PROJECT_DIR)/Show",
				);
				GCC_PRECOMPILE_PREFIX_HEADER = YES;
				GCC_PREFIX_HEADER = "Show/Show-Prefix.pch";
				INFOPLIST_FILE = Show/Info.plist;
				IPHONEOS_DEPLOYMENT_TARGET = 8.0;
				LD_RUNPATH_SEARCH_PATHS = "$(inherited) @executable_path/Frameworks";
				PRODUCT_BUNDLE_IDENTIFIER = com.51jk.Show;
				PRODUCT_NAME = "$(TARGET_NAME)";
			};
			name = Release;
		};
/* End XCBuildConfiguration section */

/* Begin XCConfigurationList section */
		B4DA00161E13A3F40072405E /* Build configuration list for PBXNativeTarget "Show" */ = {
			isa = XCConfigurationList;
			buildConfigurations = (
				B4DA00171E13A3F40072405E /* Debug */,
				B4DA00181E13A3F40072405E /* Release */,
			);
			defaultConfigurationIsVisible = 0;
			defaultConfigurationName = Release;
		};
		B4DAFFFA1E13A3F40072405E /* Build configuration list for PBXProject "Show" */ = {
			isa = XCConfigurationList;
			buildConfigurations = (
				B4DA00141E13A3F40072405E /* Debug */,
				B4DA00151E13A3F40072405E /* Release */,
			);
			defaultConfigurationIsVisible = 0;
			defaultConfigurationName = Release;
		};
/* End XCConfigurationList section */
	};
	rootObject = B4DAFFF71E13A3F40072405E /* Project object */;
}
